// !$*UTF8*$!
{
	archiveVersion = 1;
	classes = {
	};
	objectVersion = 46;
	objects = {

/* Begin PBXBuildFile section */
		2AA0D2571C7CA778006E83D0 /* AppDelegate.swift in Sources */ = {isa = PBXBuildFile; fileRef = 2AA0D2561C7CA778006E83D0 /* AppDelegate.swift */; };
		2AA0D2591C7CA778006E83D0 /* ViewController.swift in Sources */ = {isa = PBXBuildFile; fileRef = 2AA0D2581C7CA778006E83D0 /* ViewController.swift */; };
		2AA0D25C1C7CA778006E83D0 /* Main.storyboard in Resources */ = {isa = PBXBuildFile; fileRef = 2AA0D25A1C7CA778006E83D0 /* Main.storyboard */; };
		2AA0D25E1C7CA778006E83D0 /* Assets.xcassets in Resources */ = {isa = PBXBuildFile; fileRef = 2AA0D25D1C7CA778006E83D0 /* Assets.xcassets */; };
		2AA0D2611C7CA778006E83D0 /* LaunchScreen.storyboard in Resources */ = {isa = PBXBuildFile; fileRef = 2AA0D25F1C7CA778006E83D0 /* LaunchScreen.storyboard */; };
		2AA0D26C1C7CA778006E83D0 /* SSEKitExampleTests.swift in Sources */ = {isa = PBXBuildFile; fileRef = 2AA0D26B1C7CA778006E83D0 /* SSEKitExampleTests.swift */; };
		2AA0D27A1C7CA7A5006E83D0 /* SSEKit.framework in Frameworks */ = {isa = PBXBuildFile; fileRef = 2AA0D2761C7CA78E006E83D0 /* SSEKit.framework */; };
		2AA0D27B1C7CA7A5006E83D0 /* SSEKit.framework in Embed Frameworks */ = {isa = PBXBuildFile; fileRef = 2AA0D2761C7CA78E006E83D0 /* SSEKit.framework */; settings = {ATTRIBUTES = (CodeSignOnCopy, RemoveHeadersOnCopy, ); }; };
/* End PBXBuildFile section */

/* Begin PBXContainerItemProxy section */
		2AA0D2681C7CA778006E83D0 /* PBXContainerItemProxy */ = {
			isa = PBXContainerItemProxy;
			containerPortal = 2AA0D24B1C7CA778006E83D0 /* Project object */;
			proxyType = 1;
			remoteGlobalIDString = 2AA0D2521C7CA778006E83D0;
			remoteInfo = SSEKitExample;
		};
/* End PBXContainerItemProxy section */

/* Begin PBXCopyFilesBuildPhase section */
		2AA0D27C1C7CA7A5006E83D0 /* Embed Frameworks */ = {
			isa = PBXCopyFilesBuildPhase;
			buildActionMask = 2147483647;
			dstPath = "";
			dstSubfolderSpec = 10;
			files = (
				2AA0D27B1C7CA7A5006E83D0 /* SSEKit.framework in Embed Frameworks */,
			);
			name = "Embed Frameworks";
			runOnlyForDeploymentPostprocessing = 0;
		};
/* End PBXCopyFilesBuildPhase section */

/* Begin PBXFileReference section */
		2AA0D2531C7CA778006E83D0 /* SSEKitExample.app */ = {isa = PBXFileReference; explicitFileType = wrapper.application; includeInIndex = 0; path = SSEKitExample.app; sourceTree = BUILT_PRODUCTS_DIR; };
		2AA0D2561C7CA778006E83D0 /* AppDelegate.swift */ = {isa = PBXFileReference; lastKnownFileType = sourcecode.swift; path = AppDelegate.swift; sourceTree = "<group>"; };
		2AA0D2581C7CA778006E83D0 /* ViewController.swift */ = {isa = PBXFileReference; lastKnownFileType = sourcecode.swift; path = ViewController.swift; sourceTree = "<group>"; };
		2AA0D25B1C7CA778006E83D0 /* Base */ = {isa = PBXFileReference; lastKnownFileType = file.storyboard; name = Base; path = Base.lproj/Main.storyboard; sourceTree = "<group>"; };
		2AA0D25D1C7CA778006E83D0 /* Assets.xcassets */ = {isa = PBXFileReference; lastKnownFileType = folder.assetcatalog; path = Assets.xcassets; sourceTree = "<group>"; };
		2AA0D2601C7CA778006E83D0 /* Base */ = {isa = PBXFileReference; lastKnownFileType = file.storyboard; name = Base; path = Base.lproj/LaunchScreen.storyboard; sourceTree = "<group>"; };
		2AA0D2621C7CA778006E83D0 /* Info.plist */ = {isa = PBXFileReference; lastKnownFileType = text.plist.xml; path = Info.plist; sourceTree = "<group>"; };
		2AA0D2671C7CA778006E83D0 /* SSEKitExampleTests.xctest */ = {isa = PBXFileReference; explicitFileType = wrapper.cfbundle; includeInIndex = 0; path = SSEKitExampleTests.xctest; sourceTree = BUILT_PRODUCTS_DIR; };
		2AA0D26B1C7CA778006E83D0 /* SSEKitExampleTests.swift */ = {isa = PBXFileReference; lastKnownFileType = sourcecode.swift; path = SSEKitExampleTests.swift; sourceTree = "<group>"; };
		2AA0D26D1C7CA778006E83D0 /* Info.plist */ = {isa = PBXFileReference; lastKnownFileType = text.plist.xml; path = Info.plist; sourceTree = "<group>"; };
		2AA0D2761C7CA78E006E83D0 /* SSEKit.framework */ = {isa = PBXFileReference; explicitFileType = wrapper.framework; path = SSEKit.framework; sourceTree = BUILT_PRODUCTS_DIR; };
/* End PBXFileReference section */

/* Begin PBXFrameworksBuildPhase section */
		2AA0D2501C7CA778006E83D0 /* Frameworks */ = {
			isa = PBXFrameworksBuildPhase;
			buildActionMask = 2147483647;
			files = (
				2AA0D27A1C7CA7A5006E83D0 /* SSEKit.framework in Frameworks */,
			);
			runOnlyForDeploymentPostprocessing = 0;
		};
		2AA0D2641C7CA778006E83D0 /* Frameworks */ = {
			isa = PBXFrameworksBuildPhase;
			buildActionMask = 2147483647;
			files = (
			);
			runOnlyForDeploymentPostprocessing = 0;
		};
/* End PBXFrameworksBuildPhase section */

/* Begin PBXGroup section */
		2AA0D24A1C7CA778006E83D0 = {
			isa = PBXGroup;
			children = (
				2AA0D2551C7CA778006E83D0 /* SSEKitExample */,
				2AA0D27D1C7CA7C4006E83D0 /* Frameworks */,
				2AA0D26A1C7CA778006E83D0 /* SSEKitExampleTests */,
				2AA0D2541C7CA778006E83D0 /* Products */,
			);
			sourceTree = "<group>";
		};
		2AA0D2541C7CA778006E83D0 /* Products */ = {
			isa = PBXGroup;
			children = (
				2AA0D2531C7CA778006E83D0 /* SSEKitExample.app */,
				2AA0D2671C7CA778006E83D0 /* SSEKitExampleTests.xctest */,
			);
			name = Products;
			sourceTree = "<group>";
		};
		2AA0D2551C7CA778006E83D0 /* SSEKitExample */ = {
			isa = PBXGroup;
			children = (
				2AA0D2561C7CA778006E83D0 /* AppDelegate.swift */,
				2AA0D2581C7CA778006E83D0 /* ViewController.swift */,
				2AA0D25A1C7CA778006E83D0 /* Main.storyboard */,
				2AA0D25D1C7CA778006E83D0 /* Assets.xcassets */,
				2AA0D25F1C7CA778006E83D0 /* LaunchScreen.storyboard */,
				2AA0D2621C7CA778006E83D0 /* Info.plist */,
			);
			path = SSEKitExample;
			sourceTree = "<group>";
		};
		2AA0D26A1C7CA778006E83D0 /* SSEKitExampleTests */ = {
			isa = PBXGroup;
			children = (
				2AA0D26B1C7CA778006E83D0 /* SSEKitExampleTests.swift */,
				2AA0D26D1C7CA778006E83D0 /* Info.plist */,
			);
			path = SSEKitExampleTests;
			sourceTree = "<group>";
		};
		2AA0D27D1C7CA7C4006E83D0 /* Frameworks */ = {
			isa = PBXGroup;
			children = (
				2AA0D2761C7CA78E006E83D0 /* SSEKit.framework */,
			);
			name = Frameworks;
			sourceTree = "<group>";
		};
/* End PBXGroup section */

/* Begin PBXNativeTarget section */
		2AA0D2521C7CA778006E83D0 /* SSEKitExample */ = {
			isa = PBXNativeTarget;
			buildConfigurationList = 2AA0D2701C7CA778006E83D0 /* Build configuration list for PBXNativeTarget "SSEKitExample" */;
			buildPhases = (
				2AA0D24F1C7CA778006E83D0 /* Sources */,
				2AA0D2501C7CA778006E83D0 /* Frameworks */,
				2AA0D2511C7CA778006E83D0 /* Resources */,
				2AA0D27C1C7CA7A5006E83D0 /* Embed Frameworks */,
			);
			buildRules = (
			);
			dependencies = (
			);
			name = SSEKitExample;
			productName = SSEKitExample;
			productReference = 2AA0D2531C7CA778006E83D0 /* SSEKitExample.app */;
			productType = "com.apple.product-type.application";
		};
		2AA0D2661C7CA778006E83D0 /* SSEKitExampleTests */ = {
			isa = PBXNativeTarget;
			buildConfigurationList = 2AA0D2731C7CA778006E83D0 /* Build configuration list for PBXNativeTarget "SSEKitExampleTests" */;
			buildPhases = (
				2AA0D2631C7CA778006E83D0 /* Sources */,
				2AA0D2641C7CA778006E83D0 /* Frameworks */,
				2AA0D2651C7CA778006E83D0 /* Resources */,
			);
			buildRules = (
			);
			dependencies = (
				2AA0D2691C7CA778006E83D0 /* PBXTargetDependency */,
			);
			name = SSEKitExampleTests;
			productName = SSEKitExampleTests;
			productReference = 2AA0D2671C7CA778006E83D0 /* SSEKitExampleTests.xctest */;
			productType = "com.apple.product-type.bundle.unit-test";
		};
/* End PBXNativeTarget section */

/* Begin PBXProject section */
		2AA0D24B1C7CA778006E83D0 /* Project object */ = {
			isa = PBXProject;
			attributes = {
				LastSwiftUpdateCheck = 0730;
				LastUpgradeCheck = 0830;
				ORGANIZATIONNAME = "Naim Audio Ltd";
				TargetAttributes = {
					2AA0D2521C7CA778006E83D0 = {
						CreatedOnToolsVersion = 7.3;
						LastSwiftMigration = 0830;
					};
					2AA0D2661C7CA778006E83D0 = {
						CreatedOnToolsVersion = 7.3;
						LastSwiftMigration = 0830;
						TestTargetID = 2AA0D2521C7CA778006E83D0;
					};
				};
			};
			buildConfigurationList = 2AA0D24E1C7CA778006E83D0 /* Build configuration list for PBXProject "SSEKitExample" */;
			compatibilityVersion = "Xcode 3.2";
			developmentRegion = English;
			hasScannedForEncodings = 0;
			knownRegions = (
				en,
				Base,
			);
			mainGroup = 2AA0D24A1C7CA778006E83D0;
			productRefGroup = 2AA0D2541C7CA778006E83D0 /* Products */;
			projectDirPath = "";
			projectRoot = "";
			targets = (
				2AA0D2521C7CA778006E83D0 /* SSEKitExample */,
				2AA0D2661C7CA778006E83D0 /* SSEKitExampleTests */,
			);
		};
/* End PBXProject section */

/* Begin PBXResourcesBuildPhase section */
		2AA0D2511C7CA778006E83D0 /* Resources */ = {
			isa = PBXResourcesBuildPhase;
			buildActionMask = 2147483647;
			files = (
				2AA0D2611C7CA778006E83D0 /* LaunchScreen.storyboard in Resources */,
				2AA0D25E1C7CA778006E83D0 /* Assets.xcassets in Resources */,
				2AA0D25C1C7CA778006E83D0 /* Main.storyboard in Resources */,
			);
			runOnlyForDeploymentPostprocessing = 0;
		};
		2AA0D2651C7CA778006E83D0 /* Resources */ = {
			isa = PBXResourcesBuildPhase;
			buildActionMask = 2147483647;
			files = (
			);
			runOnlyForDeploymentPostprocessing = 0;
		};
/* End PBXResourcesBuildPhase section */

/* Begin PBXSourcesBuildPhase section */
		2AA0D24F1C7CA778006E83D0 /* Sources */ = {
			isa = PBXSourcesBuildPhase;
			buildActionMask = 2147483647;
			files = (
				2AA0D2591C7CA778006E83D0 /* ViewController.swift in Sources */,
				2AA0D2571C7CA778006E83D0 /* AppDelegate.swift in Sources */,
			);
			runOnlyForDeploymentPostprocessing = 0;
		};
		2AA0D2631C7CA778006E83D0 /* Sources */ = {
			isa = PBXSourcesBuildPhase;
			buildActionMask = 2147483647;
			files = (
				2AA0D26C1C7CA778006E83D0 /* SSEKitExampleTests.swift in Sources */,
			);
			runOnlyForDeploymentPostprocessing = 0;
		};
/* End PBXSourcesBuildPhase section */

/* Begin PBXTargetDependency section */
		2AA0D2691C7CA778006E83D0 /* PBXTargetDependency */ = {
			isa = PBXTargetDependency;
			target = 2AA0D2521C7CA778006E83D0 /* SSEKitExample */;
			targetProxy = 2AA0D2681C7CA778006E83D0 /* PBXContainerItemProxy */;
		};
/* End PBXTargetDependency section */

/* Begin PBXVariantGroup section */
		2AA0D25A1C7CA778006E83D0 /* Main.storyboard */ = {
			isa = PBXVariantGroup;
			children = (
				2AA0D25B1C7CA778006E83D0 /* Base */,
			);
			name = Main.storyboard;
			sourceTree = "<group>";
		};
		2AA0D25F1C7CA778006E83D0 /* LaunchScreen.storyboard */ = {
			isa = PBXVariantGroup;
			children = (
				2AA0D2601C7CA778006E83D0 /* Base */,
			);
			name = LaunchScreen.storyboard;
			sourceTree = "<group>";
		};
/* End PBXVariantGroup section */

/* Begin XCBuildConfiguration section */
		2AA0D26E1C7CA778006E83D0 /* Debug */ = {
			isa = XCBuildConfiguration;
			buildSettings = {
				ALWAYS_SEARCH_USER_PATHS = NO;
				CLANG_ANALYZER_NONNULL = YES;
				CLANG_CXX_LANGUAGE_STANDARD = "gnu++0x";
				CLANG_CXX_LIBRARY = "libc++";
				CLANG_ENABLE_MODULES = YES;
				CLANG_ENABLE_OBJC_ARC = YES;
				CLANG_WARN_BOOL_CONVERSION = YES;
				CLANG_WARN_CONSTANT_CONVERSION = YES;
				CLANG_WARN_DIRECT_OBJC_ISA_USAGE = YES_ERROR;
				CLANG_WARN_EMPTY_BODY = YES;
				CLANG_WARN_ENUM_CONVERSION = YES;
				CLANG_WARN_INFINITE_RECURSION = YES;
				CLANG_WARN_INT_CONVERSION = YES;
				CLANG_WARN_OBJC_ROOT_CLASS = YES_ERROR;
				CLANG_WARN_SUSPICIOUS_MOVE = YES;
				CLANG_WARN_UNREACHABLE_CODE = YES;
				CLANG_WARN__DUPLICATE_METHOD_MATCH = YES;
				"CODE_SIGN_IDENTITY[sdk=iphoneos*]" = "iPhone Developer";
				COPY_PHASE_STRIP = NO;
				DEBUG_INFORMATION_FORMAT = dwarf;
				ENABLE_STRICT_OBJC_MSGSEND = YES;
				ENABLE_TESTABILITY = YES;
				GCC_C_LANGUAGE_STANDARD = gnu99;
				GCC_DYNAMIC_NO_PIC = NO;
				GCC_NO_COMMON_BLOCKS = YES;
				GCC_OPTIMIZATION_LEVEL = 0;
				GCC_PREPROCESSOR_DEFINITIONS = (
					"DEBUG=1",
					"$(inherited)",
				);
				GCC_WARN_64_TO_32_BIT_CONVERSION = YES;
				GCC_WARN_ABOUT_RETURN_TYPE = YES_ERROR;
				GCC_WARN_UNDECLARED_SELECTOR = YES;
				GCC_WARN_UNINITIALIZED_AUTOS = YES_AGGRESSIVE;
				GCC_WARN_UNUSED_FUNCTION = YES;
				GCC_WARN_UNUSED_VARIABLE = YES;
				IPHONEOS_DEPLOYMENT_TARGET = 9.3;
				MTL_ENABLE_DEBUG_INFO = YES;
				ONLY_ACTIVE_ARCH = YES;
				SDKROOT = iphoneos;
				SWIFT_OPTIMIZATION_LEVEL = "-Onone";
				TARGETED_DEVICE_FAMILY = "1,2";
			};
			name = Debug;
		};
		2AA0D26F1C7CA778006E83D0 /* Release */ = {
			isa = XCBuildConfiguration;
			buildSettings = {
				ALWAYS_SEARCH_USER_PATHS = NO;
				CLANG_ANALYZER_NONNULL = YES;
				CLANG_CXX_LANGUAGE_STANDARD = "gnu++0x";
				CLANG_CXX_LIBRARY = "libc++";
				CLANG_ENABLE_MODULES = YES;
				CLANG_ENABLE_OBJC_ARC = YES;
				CLANG_WARN_BOOL_CONVERSION = YES;
				CLANG_WARN_CONSTANT_CONVERSION = YES;
				CLANG_WARN_DIRECT_OBJC_ISA_USAGE = YES_ERROR;
				CLANG_WARN_EMPTY_BODY = YES;
				CLANG_WARN_ENUM_CONVERSION = YES;
				CLANG_WARN_INFINITE_RECURSION = YES;
				CLANG_WARN_INT_CONVERSION = YES;
				CLANG_WARN_OBJC_ROOT_CLASS = YES_ERROR;
				CLANG_WARN_SUSPICIOUS_MOVE = YES;
				CLANG_WARN_UNREACHABLE_CODE = YES;
				CLANG_WARN__DUPLICATE_METHOD_MATCH = YES;
				"CODE_SIGN_IDENTITY[sdk=iphoneos*]" = "iPhone Developer";
				COPY_PHASE_STRIP = NO;
				DEBUG_INFORMATION_FORMAT = "dwarf-with-dsym";
				ENABLE_NS_ASSERTIONS = NO;
				ENABLE_STRICT_OBJC_MSGSEND = YES;
				GCC_C_LANGUAGE_STANDARD = gnu99;
				GCC_NO_COMMON_BLOCKS = YES;
				GCC_WARN_64_TO_32_BIT_CONVERSION = YES;
				GCC_WARN_ABOUT_RETURN_TYPE = YES_ERROR;
				GCC_WARN_UNDECLARED_SELECTOR = YES;
				GCC_WARN_UNINITIALIZED_AUTOS = YES_AGGRESSIVE;
				GCC_WARN_UNUSED_FUNCTION = YES;
				GCC_WARN_UNUSED_VARIABLE = YES;
				IPHONEOS_DEPLOYMENT_TARGET = 9.3;
				MTL_ENABLE_DEBUG_INFO = NO;
				SDKROOT = iphoneos;
				SWIFT_OPTIMIZATION_LEVEL = "-Owholemodule";
				TARGETED_DEVICE_FAMILY = "1,2";
				VALIDATE_PRODUCT = YES;
			};
			name = Release;
		};
		2AA0D2711C7CA778006E83D0 /* Debug */ = {
			isa = XCBuildConfiguration;
			buildSettings = {
				ASSETCATALOG_COMPILER_APPICON_NAME = AppIcon;
				INFOPLIST_FILE = SSEKitExample/Info.plist;
				IPHONEOS_DEPLOYMENT_TARGET = 9.2;
				LD_RUNPATH_SEARCH_PATHS = "$(inherited) @executable_path/Frameworks";
				PRODUCT_BUNDLE_IDENTIFIER = com.naimaudio.SSEKitExample;
				PRODUCT_NAME = "$(TARGET_NAME)";
				SWIFT_VERSION = 3.0;
			};
			name = Debug;
		};
		2AA0D2721C7CA778006E83D0 /* Release */ = {
			isa = XCBuildConfiguration;
			buildSettings = {
				ASSETCATALOG_COMPILER_APPICON_NAME = AppIcon;
				INFOPLIST_FILE = SSEKitExample/Info.plist;
				IPHONEOS_DEPLOYMENT_TARGET = 9.2;
				LD_RUNPATH_SEARCH_PATHS = "$(inherited) @executable_path/Frameworks";
				PRODUCT_BUNDLE_IDENTIFIER = com.naimaudio.SSEKitExample;
				PRODUCT_NAME = "$(TARGET_NAME)";
				SWIFT_VERSION = 3.0;
			};
			name = Release;
		};
		2AA0D2741C7CA778006E83D0 /* Debug */ = {
			isa = XCBuildConfiguration;
			buildSettings = {
				BUNDLE_LOADER = "$(TEST_HOST)";
				INFOPLIST_FILE = SSEKitExampleTests/Info.plist;
				IPHONEOS_DEPLOYMENT_TARGET = 9.0;
				LD_RUNPATH_SEARCH_PATHS = "$(inherited) @executable_path/Frameworks @loader_path/Frameworks";
				PRODUCT_BUNDLE_IDENTIFIER = com.naimaudio.SSEKitExampleTests;
				PRODUCT_NAME = "$(TARGET_NAME)";
				SWIFT_VERSION = 3.0;
				TEST_HOST = "$(BUILT_PRODUCTS_DIR)/SSEKitExample.app/SSEKitExample";
			};
			name = Debug;
		};
		2AA0D2751C7CA778006E83D0 /* Release */ = {
			isa = XCBuildConfiguration;
			buildSettings = {
				BUNDLE_LOADER = "$(TEST_HOST)";
				INFOPLIST_FILE = SSEKitExampleTests/Info.plist;
				IPHONEOS_DEPLOYMENT_TARGET = 9.0;
				LD_RUNPATH_SEARCH_PATHS = "$(inherited) @executable_path/Frameworks @loader_path/Frameworks";
				PRODUCT_BUNDLE_IDENTIFIER = com.naimaudio.SSEKitExampleTests;
				PRODUCT_NAME = "$(TARGET_NAME)";
				SWIFT_VERSION = 3.0;
				TEST_HOST = "$(BUILT_PRODUCTS_DIR)/SSEKitExample.app/SSEKitExample";
			};
			name = Release;
		};
/* End XCBuildConfiguration section */

/* Begin XCConfigurationList section */
		2AA0D24E1C7CA778006E83D0 /* Build configuration list for PBXProject "SSEKitExample" */ = {
			isa = XCConfigurationList;
			buildConfigurations = (
				2AA0D26E1C7CA778006E83D0 /* Debug */,
				2AA0D26F1C7CA778006E83D0 /* Release */,
			);
			defaultConfigurationIsVisible = 0;
			defaultConfigurationName = Release;
		};
		2AA0D2701C7CA778006E83D0 /* Build configuration list for PBXNativeTarget "SSEKitExample" */ = {
			isa = XCConfigurationList;
			buildConfigurations = (
				2AA0D2711C7CA778006E83D0 /* Debug */,
				2AA0D2721C7CA778006E83D0 /* Release */,
			);
			defaultConfigurationIsVisible = 0;
			defaultConfigurationName = Release;
		};
		2AA0D2731C7CA778006E83D0 /* Build configuration list for PBXNativeTarget "SSEKitExampleTests" */ = {
			isa = XCConfigurationList;
			buildConfigurations = (
				2AA0D2741C7CA778006E83D0 /* Debug */,
				2AA0D2751C7CA778006E83D0 /* Release */,
			);
			defaultConfigurationIsVisible = 0;
			defaultConfigurationName = Release;
		};
/* End XCConfigurationList section */
	};
	rootObject = 2AA0D24B1C7CA778006E83D0 /* Project object */;
}
