<?xml version="1.0" encoding="UTF-8"?>
<Scheme
   LastUpgradeVersion = "0830"
   version = "1.7">
   <BuildAction
      parallelizeBuildables = "YES"
      buildImplicitDependencies = "YES">
      <BuildActionEntries>
         <BuildActionEntry
            buildForTesting = "YES"
            buildForRunning = "YES"
            buildForProfiling = "YES"
            buildForArchiving = "YES"
            buildForAnalyzing = "YES">
            <BuildableReference
               BuildableIdentifier = "primary"
               BlueprintIdentifier = "2AA0D22F1C7C9A3B006E83D0"
               BuildableName = "SSEKit.framework"
               BlueprintName = "SSEKit iOS"
               ReferencedContainer = "container:SSEKit.xcodeproj">
            </BuildableReference>
         </BuildActionEntry>
      </BuildActionEntries>
   </BuildAction>
   <TestAction
      buildConfiguration = "Debug"
      selectedDebuggerIdentifier = "Xcode.DebuggerFoundation.Debugger.LLDB"
      selectedLauncherIdentifier = "Xcode.DebuggerFoundation.Launcher.LLDB"
      shouldUseLaunchSchemeArgsEnv = "YES">
      <PreActions>
         <ExecutionAction
            ActionType = "Xcode.IDEStandardExecutionActionsCore.ExecutionActionType.ShellScriptAction">
            <ActionContent
               title = "Run Script"
               scriptText = "echo &quot;TESTING&quot; &gt; &quot;~/Desktop/out.txt&quot;&#10;echo ${PROJECT_DIR} &gt;&gt; &quot;~/Desktop/out.txt&quot;&#10;echo `pwd` &gt;&gt; &quot;~/Desktop/out.txt&quot;"
               shellToInvoke = "/bin/bash">
               <EnvironmentBuildable>
                  <BuildableReference
                     BuildableIdentifier = "primary"
                     BlueprintIdentifier = "2AA0D22F1C7C9A3B006E83D0"
                     BuildableName = "SSEKit.framework"
                     BlueprintName = "SSEKit iOS"
                     ReferencedContainer = "container:SSEKit.xcodeproj">
                  </BuildableReference>
               </EnvironmentBuildable>
            </ActionContent>
         </ExecutionAction>
      </PreActions>
      <Testables>
         <TestableReference
            skipped = "NO">
            <BuildableReference
               BuildableIdentifier = "primary"
               BlueprintIdentifier = "2AA0D2391C7C9A3B006E83D0"
               BuildableName = "SSEKitTests.xctest"
               BlueprintName = "SSEKitTests"
               ReferencedContainer = "container:SSEKit.xcodeproj">
            </BuildableReference>
         </TestableReference>
      </Testables>
      <MacroExpansion>
         <BuildableReference
            BuildableIdentifier = "primary"
            BlueprintIdentifier = "2AA0D22F1C7C9A3B006E83D0"
            BuildableName = "SSEKit.framework"
            BlueprintName = "SSEKit iOS"
            ReferencedContainer = "container:SSEKit.xcodeproj">
         </BuildableReference>
      </MacroExpansion>
      <AdditionalOptions>
      </AdditionalOptions>
   </TestAction>
   <LaunchAction
      buildConfiguration = "Debug"
      selectedDebuggerIdentifier = "Xcode.DebuggerFoundation.Debugger.LLDB"
      selectedLauncherIdentifier = "Xcode.DebuggerFoundation.Launcher.LLDB"
      launchStyle = "0"
      useCustomWorkingDirectory = "NO"
      ignoresPersistentStateOnLaunch = "NO"
      debugDocumentVersioning = "YES"
      debugServiceExtension = "internal"
      allowLocationSimulation = "YES">
      <PreActions>
         <ExecutionAction
            ActionType = "Xcode.IDEStandardExecutionActionsCore.ExecutionActionType.ShellScriptAction">
            <ActionContent
               title = "Run Script"
               scriptText = "echo &quot;TESTING&quot; &gt; &quot;~/Desktop/out.txt&quot;&#10;echo ${PROJECT_DIR} &gt;&gt; &quot;~/Desktop/out.txt&quot;&#10;echo `pwd` &gt;&gt; &quot;~/Desktop/out.txt&quot;"
               shellToInvoke = "/bin/bash">
               <EnvironmentBuildable>
                  <BuildableReference
                     BuildableIdentifier = "primary"
                     BlueprintIdentifier = "2AA0D22F1C7C9A3B006E83D0"
                     BuildableName = "SSEKit.framework"
                     BlueprintName = "SSEKit iOS"
                     ReferencedContainer = "container:SSEKit.xcodeproj">
                  </BuildableReference>
               </EnvironmentBuildable>
            </ActionContent>
         </ExecutionAction>
      </PreActions>
      <MacroExpansion>
         <BuildableReference
            BuildableIdentifier = "primary"
            BlueprintIdentifier = "2AA0D22F1C7C9A3B006E83D0"
            BuildableName = "SSEKit.framework"
            BlueprintName = "SSEKit iOS"
            ReferencedContainer = "container:SSEKit.xcodeproj">
         </BuildableReference>
      </MacroExpansion>
      <AdditionalOptions>
      </AdditionalOptions>
   </LaunchAction>
   <ProfileAction
      buildConfiguration = "Release"
      shouldUseLaunchSchemeArgsEnv = "YES"
      savedToolIdentifier = ""
      useCustomWorkingDirectory = "NO"
      debugDocumentVersioning = "YES">
      <MacroExpansion>
         <BuildableReference
            BuildableIdentifier = "primary"
            BlueprintIdentifier = "2AA0D22F1C7C9A3B006E83D0"
            BuildableName = "SSEKit.framework"
            BlueprintName = "SSEKit iOS"
            ReferencedContainer = "container:SSEKit.xcodeproj">
         </BuildableReference>
      </MacroExpansion>
   </ProfileAction>
   <AnalyzeAction
      buildConfiguration = "Debug">
   </AnalyzeAction>
   <ArchiveAction
      buildConfiguration = "Release"
      revealArchiveInOrganizer = "YES">
   </ArchiveAction>
</Scheme>
