// !$*UTF8*$!
{
	archiveVersion = 1;
	classes = {
	};
	objectVersion = 46;
	objects = {

/* Begin PBXBuildFile section */
		2A8DDEF51BC57FD900F67071 /* AppDelegate.swift in Sources */ = {isa = PBXBuildFile; fileRef = 2A8DDEF41BC57FD900F67071 /* AppDelegate.swift */; };
		2A8DDEF71BC57FD900F67071 /* ViewController.swift in Sources */ = {isa = PBXBuildFile; fileRef = 2A8DDEF61BC57FD900F67071 /* ViewController.swift */; };
		2A8DDEFA1BC57FD900F67071 /* Main.storyboard in Resources */ = {isa = PBXBuildFile; fileRef = 2A8DDEF81BC57FD900F67071 /* Main.storyboard */; };
		2A8DDEFC1BC57FD900F67071 /* Assets.xcassets in Resources */ = {isa = PBXBuildFile; fileRef = 2A8DDEFB1BC57FD900F67071 /* Assets.xcassets */; };
		2A8DDEFF1BC57FD900F67071 /* LaunchScreen.storyboard in Resources */ = {isa = PBXBuildFile; fileRef = 2A8DDEFD1BC57FD900F67071 /* LaunchScreen.storyboard */; };
		2AE43ED91BC7B63B004CEB93 /* SSEKit.framework in Frameworks */ = {isa = PBXBuildFile; fileRef = 2AE43ED81BC7B63B004CEB93 /* SSEKit.framework */; };
/* End PBXBuildFile section */

/* Begin PBXFileReference section */
		2A8DDEF11BC57FD900F67071 /* SSEKitExample.app */ = {isa = PBXFileReference; explicitFileType = wrapper.application; includeInIndex = 0; path = SSEKitExample.app; sourceTree = BUILT_PRODUCTS_DIR; };
		2A8DDEF41BC57FD900F67071 /* AppDelegate.swift */ = {isa = PBXFileReference; lastKnownFileType = sourcecode.swift; path = AppDelegate.swift; sourceTree = "<group>"; };
		2A8DDEF61BC57FD900F67071 /* ViewController.swift */ = {isa = PBXFileReference; lastKnownFileType = sourcecode.swift; path = ViewController.swift; sourceTree = "<group>"; };
		2A8DDEF91BC57FD900F67071 /* Base */ = {isa = PBXFileReference; lastKnownFileType = file.storyboard; name = Base; path = Base.lproj/Main.storyboard; sourceTree = "<group>"; };
		2A8DDEFB1BC57FD900F67071 /* Assets.xcassets */ = {isa = PBXFileReference; lastKnownFileType = folder.assetcatalog; path = Assets.xcassets; sourceTree = "<group>"; };
		2A8DDEFE1BC57FD900F67071 /* Base */ = {isa = PBXFileReference; lastKnownFileType = file.storyboard; name = Base; path = Base.lproj/LaunchScreen.storyboard; sourceTree = "<group>"; };
		2A8DDF001BC57FD900F67071 /* Info.plist */ = {isa = PBXFileReference; lastKnownFileType = text.plist.xml; path = Info.plist; sourceTree = "<group>"; };
		2AE43ED81BC7B63B004CEB93 /* SSEKit.framework */ = {isa = PBXFileReference; lastKnownFileType = wrapper.framework; name = SSEKit.framework; path = "../Projects/SSEKit/build/Debug-iphoneos/SSEKit.framework"; sourceTree = "<group>"; };
/* End PBXFileReference section */

/* Begin PBXFrameworksBuildPhase section */
		2A8DDEEE1BC57FD900F67071 /* Frameworks */ = {
			isa = PBXFrameworksBuildPhase;
			buildActionMask = 2147483647;
			files = (
				2AE43ED91BC7B63B004CEB93 /* SSEKit.framework in Frameworks */,
			);
			runOnlyForDeploymentPostprocessing = 0;
		};
/* End PBXFrameworksBuildPhase section */

/* Begin PBXGroup section */
		2A8DDEE81BC57FD900F67071 = {
			isa = PBXGroup;
			children = (
				2A8DDEF31BC57FD900F67071 /* SSEKitExample */,
				2AE43EDA1BC7B642004CEB93 /* Frameworks */,
				2A8DDEF21BC57FD900F67071 /* Products */,
			);
			sourceTree = "<group>";
		};
		2A8DDEF21BC57FD900F67071 /* Products */ = {
			isa = PBXGroup;
			children = (
				2A8DDEF11BC57FD900F67071 /* SSEKitExample.app */,
			);
			name = Products;
			sourceTree = "<group>";
		};
		2A8DDEF31BC57FD900F67071 /* SSEKitExample */ = {
			isa = PBXGroup;
			children = (
				2A8DDEF41BC57FD900F67071 /* AppDelegate.swift */,
				2A8DDEF61BC57FD900F67071 /* ViewController.swift */,
				2A8DDEF81BC57FD900F67071 /* Main.storyboard */,
				2A8DDEFB1BC57FD900F67071 /* Assets.xcassets */,
				2A8DDEFD1BC57FD900F67071 /* LaunchScreen.storyboard */,
				2A8DDF001BC57FD900F67071 /* Info.plist */,
			);
			path = SSEKitExample;
			sourceTree = "<group>";
		};
		2AE43EDA1BC7B642004CEB93 /* Frameworks */ = {
			isa = PBXGroup;
			children = (
				2AE43ED81BC7B63B004CEB93 /* SSEKit.framework */,
			);
			name = Frameworks;
			sourceTree = "<group>";
		};
/* End PBXGroup section */

/* Begin PBXNativeTarget section */
		2A8DDEF01BC57FD900F67071 /* SSEKitExample */ = {
			isa = PBXNativeTarget;
			buildConfigurationList = 2A8DDF031BC57FD900F67071 /* Build configuration list for PBXNativeTarget "SSEKitExample" */;
			buildPhases = (
				2A8DDEED1BC57FD900F67071 /* Sources */,
				2A8DDEEE1BC57FD900F67071 /* Frameworks */,
				2A8DDF061BC585AA00F67071 /* Carthage */,
				2A8DDEEF1BC57FD900F67071 /* Resources */,
			);
			buildRules = (
			);
			dependencies = (
			);
			name = SSEKitExample;
			productName = SSEKitExample;
			productReference = 2A8DDEF11BC57FD900F67071 /* SSEKitExample.app */;
			productType = "com.apple.product-type.application";
		};
/* End PBXNativeTarget section */

/* Begin PBXProject section */
		2A8DDEE91BC57FD900F67071 /* Project object */ = {
			isa = PBXProject;
			attributes = {
				LastUpgradeCheck = 0700;
				ORGANIZATIONNAME = "Naim Audio Ltd";
				TargetAttributes = {
					2A8DDEF01BC57FD900F67071 = {
						CreatedOnToolsVersion = 7.0.1;
					};
				};
			};
			buildConfigurationList = 2A8DDEEC1BC57FD900F67071 /* Build configuration list for PBXProject "SSEKitExample" */;
			compatibilityVersion = "Xcode 3.2";
			developmentRegion = English;
			hasScannedForEncodings = 0;
			knownRegions = (
				en,
				Base,
			);
			mainGroup = 2A8DDEE81BC57FD900F67071;
			productRefGroup = 2A8DDEF21BC57FD900F67071 /* Products */;
			projectDirPath = "";
			projectRoot = "";
			targets = (
				2A8DDEF01BC57FD900F67071 /* SSEKitExample */,
			);
		};
/* End PBXProject section */

/* Begin PBXResourcesBuildPhase section */
		2A8DDEEF1BC57FD900F67071 /* Resources */ = {
			isa = PBXResourcesBuildPhase;
			buildActionMask = 2147483647;
			files = (
				2A8DDEFF1BC57FD900F67071 /* LaunchScreen.storyboard in Resources */,
				2A8DDEFC1BC57FD900F67071 /* Assets.xcassets in Resources */,
				2A8DDEFA1BC57FD900F67071 /* Main.storyboard in Resources */,
			);
			runOnlyForDeploymentPostprocessing = 0;
		};
/* End PBXResourcesBuildPhase section */

/* Begin PBXShellScriptBuildPhase section */
		2A8DDF061BC585AA00F67071 /* Carthage */ = {
			isa = PBXShellScriptBuildPhase;
			buildActionMask = 2147483647;
			files = (
			);
			inputPaths = (
			);
			name = Carthage;
			outputPaths = (
			);
			runOnlyForDeploymentPostprocessing = 0;
			shellPath = /bin/sh;
			shellScript = "#/usr/local/bin/carthage build --verbose --platform \"$PLATFORM_NAME\" \"$SRCROOT/../\"";
		};
/* End PBXShellScriptBuildPhase section */

/* Begin PBXSourcesBuildPhase section */
		2A8DDEED1BC57FD900F67071 /* Sources */ = {
			isa = PBXSourcesBuildPhase;
			buildActionMask = 2147483647;
			files = (
				2A8DDEF71BC57FD900F67071 /* ViewController.swift in Sources */,
				2A8DDEF51BC57FD900F67071 /* AppDelegate.swift in Sources */,
			);
			runOnlyForDeploymentPostprocessing = 0;
		};
/* End PBXSourcesBuildPhase section */

/* Begin PBXVariantGroup section */
		2A8DDEF81BC57FD900F67071 /* Main.storyboard */ = {
			isa = PBXVariantGroup;
			children = (
				2A8DDEF91BC57FD900F67071 /* Base */,
			);
			name = Main.storyboard;
			sourceTree = "<group>";
		};
		2A8DDEFD1BC57FD900F67071 /* LaunchScreen.storyboard */ = {
			isa = PBXVariantGroup;
			children = (
				2A8DDEFE1BC57FD900F67071 /* Base */,
			);
			name = LaunchScreen.storyboard;
			sourceTree = "<group>";
		};
/* End PBXVariantGroup section */

/* Begin XCBuildConfiguration section */
		2A8DDF011BC57FD900F67071 /* Debug */ = {
			isa = XCBuildConfiguration;
			buildSettings = {
				ALWAYS_SEARCH_USER_PATHS = NO;
				CLANG_CXX_LANGUAGE_STANDARD = "gnu++0x";
				CLANG_CXX_LIBRARY = "libc++";
				CLANG_ENABLE_MODULES = YES;
				CLANG_ENABLE_OBJC_ARC = YES;
				CLANG_WARN_BOOL_CONVERSION = YES;
				CLANG_WARN_CONSTANT_CONVERSION = YES;
				CLANG_WARN_DIRECT_OBJC_ISA_USAGE = YES_ERROR;
				CLANG_WARN_EMPTY_BODY = YES;
				CLANG_WARN_ENUM_CONVERSION = YES;
				CLANG_WARN_INT_CONVERSION = YES;
				CLANG_WARN_OBJC_ROOT_CLASS = YES_ERROR;
				CLANG_WARN_UNREACHABLE_CODE = YES;
				CLANG_WARN__DUPLICATE_METHOD_MATCH = YES;
				"CODE_SIGN_IDENTITY[sdk=iphoneos*]" = "iPhone Developer";
				COPY_PHASE_STRIP = NO;
				DEBUG_INFORMATION_FORMAT = dwarf;
				ENABLE_STRICT_OBJC_MSGSEND = YES;
				ENABLE_TESTABILITY = YES;
				GCC_C_LANGUAGE_STANDARD = gnu99;
				GCC_DYNAMIC_NO_PIC = NO;
				GCC_NO_COMMON_BLOCKS = YES;
				GCC_OPTIMIZATION_LEVEL = 0;
				GCC_PREPROCESSOR_DEFINITIONS = (
					"DEBUG=1",
					"$(inherited)",
				);
				GCC_WARN_64_TO_32_BIT_CONVERSION = YES;
				GCC_WARN_ABOUT_RETURN_TYPE = YES_ERROR;
				GCC_WARN_UNDECLARED_SELECTOR = YES;
				GCC_WARN_UNINITIALIZED_AUTOS = YES_AGGRESSIVE;
				GCC_WARN_UNUSED_FUNCTION = YES;
				GCC_WARN_UNUSED_VARIABLE = YES;
				IPHONEOS_DEPLOYMENT_TARGET = 9.0;
				MTL_ENABLE_DEBUG_INFO = YES;
				ONLY_ACTIVE_ARCH = YES;
				SDKROOT = iphoneos;
				SWIFT_OPTIMIZATION_LEVEL = "-Onone";
				TARGETED_DEVICE_FAMILY = "1,2";
			};
			name = Debug;
		};
		2A8DDF021BC57FD900F67071 /* Release */ = {
			isa = XCBuildConfiguration;
			buildSettings = {
				ALWAYS_SEARCH_USER_PATHS = NO;
				CLANG_CXX_LANGUAGE_STANDARD = "gnu++0x";
				CLANG_CXX_LIBRARY = "libc++";
				CLANG_ENABLE_MODULES = YES;
				CLANG_ENABLE_OBJC_ARC = YES;
				CLANG_WARN_BOOL_CONVERSION = YES;
				CLANG_WARN_CONSTANT_CONVERSION = YES;
				CLANG_WARN_DIRECT_OBJC_ISA_USAGE = YES_ERROR;
				CLANG_WARN_EMPTY_BODY = YES;
				CLANG_WARN_ENUM_CONVERSION = YES;
				CLANG_WARN_INT_CONVERSION = YES;
				CLANG_WARN_OBJC_ROOT_CLASS = YES_ERROR;
				CLANG_WARN_UNREACHABLE_CODE = YES;
				CLANG_WARN__DUPLICATE_METHOD_MATCH = YES;
				"CODE_SIGN_IDENTITY[sdk=iphoneos*]" = "iPhone Developer";
				COPY_PHASE_STRIP = NO;
				DEBUG_INFORMATION_FORMAT = "dwarf-with-dsym";
				ENABLE_NS_ASSERTIONS = NO;
				ENABLE_STRICT_OBJC_MSGSEND = YES;
				GCC_C_LANGUAGE_STANDARD = gnu99;
				GCC_NO_COMMON_BLOCKS = YES;
				GCC_WARN_64_TO_32_BIT_CONVERSION = YES;
				GCC_WARN_ABOUT_RETURN_TYPE = YES_ERROR;
				GCC_WARN_UNDECLARED_SELECTOR = YES;
				GCC_WARN_UNINITIALIZED_AUTOS = YES_AGGRESSIVE;
				GCC_WARN_UNUSED_FUNCTION = YES;
				GCC_WARN_UNUSED_VARIABLE = YES;
				IPHONEOS_DEPLOYMENT_TARGET = 9.0;
				MTL_ENABLE_DEBUG_INFO = NO;
				SDKROOT = iphoneos;
				TARGETED_DEVICE_FAMILY = "1,2";
				VALIDATE_PRODUCT = YES;
			};
			name = Release;
		};
		2A8DDF041BC57FD900F67071 /* Debug */ = {
			isa = XCBuildConfiguration;
			buildSettings = {
				ASSETCATALOG_COMPILER_APPICON_NAME = AppIcon;
				INFOPLIST_FILE = SSEKitExample/Info.plist;
				LD_RUNPATH_SEARCH_PATHS = "$(inherited) @executable_path/Frameworks";
				PRODUCT_BUNDLE_IDENTIFIER = com.naim.SSEKitExample;
				PRODUCT_NAME = "$(TARGET_NAME)";
			};
			name = Debug;
		};
		2A8DDF051BC57FD900F67071 /* Release */ = {
			isa = XCBuildConfiguration;
			buildSettings = {
				ASSETCATALOG_COMPILER_APPICON_NAME = AppIcon;
				INFOPLIST_FILE = SSEKitExample/Info.plist;
				LD_RUNPATH_SEARCH_PATHS = "$(inherited) @executable_path/Frameworks";
				PRODUCT_BUNDLE_IDENTIFIER = com.naim.SSEKitExample;
				PRODUCT_NAME = "$(TARGET_NAME)";
			};
			name = Release;
		};
/* End XCBuildConfiguration section */

/* Begin XCConfigurationList section */
		2A8DDEEC1BC57FD900F67071 /* Build configuration list for PBXProject "SSEKitExample" */ = {
			isa = XCConfigurationList;
			buildConfigurations = (
				2A8DDF011BC57FD900F67071 /* Debug */,
				2A8DDF021BC57FD900F67071 /* Release */,
			);
			defaultConfigurationIsVisible = 0;
			defaultConfigurationName = Release;
		};
		2A8DDF031BC57FD900F67071 /* Build configuration list for PBXNativeTarget "SSEKitExample" */ = {
			isa = XCConfigurationList;
			buildConfigurations = (
				2A8DDF041BC57FD900F67071 /* Debug */,
				2A8DDF051BC57FD900F67071 /* Release */,
			);
			defaultConfigurationIsVisible = 0;
			defaultConfigurationName = Release;
		};
/* End XCConfigurationList section */
	};
	rootObject = 2A8DDEE91BC57FD900F67071 /* Project object */;
}
